
Microsoft Visual Studio Solution File, Format Version 12.00
# Visual Studio Version 17
VisualStudioVersion = 17.4.33110.190
MinimumVisualStudioVersion = 10.0.40219.1
Project("{FAE04EC0-301F-11D3-BF4B-00C04F79EFBC}") = "SC-M2", "SC-M2\SC-M2.csproj", "{9BB4088F-28E1-4C3B-9C2E-36A43F28E0F1}"
EndProject
Global
	GlobalSection(SolutionConfigurationPlatforms) = preSolution
		Debug|Any CPU = Debug|Any CPU
		Release|Any CPU = Release|Any CPU
	EndGlobalSection
	GlobalSection(ProjectConfigurationPlatforms) = postSolution
		{9BB4088F-28E1-4C3B-9C2E-36A43F28E0F1}.Debug|Any CPU.ActiveCfg = Debug|Any CPU
		{9BB4088F-28E1-4C3B-9C2E-36A43F28E0F1}.Debug|Any CPU.Build.0 = Debug|Any CPU
		{9BB4088F-28E1-4C3B-9C2E-36A43F28E0F1}.Release|Any CPU.ActiveCfg = Release|Any CPU
		{9BB4088F-28E1-4C3B-9C2E-36A43F28E0F1}.Release|Any CPU.Build.0 = Release|Any CPU
	EndGlobalSection
	GlobalSection(SolutionProperties) = preSolution
		HideSolutionNode = FALSE
	EndGlobalSection
	GlobalSection(ExtensibilityGlobals) = postSolution
		SolutionGuid = {147D84FD-4031-43EF-BE76-7F9D3B2C5011}
	EndGlobalSection
EndGlobal
