
Microsoft Visual Studio Solution File, Format Version 12.00
# Visual Studio Version 17
VisualStudioVersion = 17.4.33110.190
MinimumVisualStudioVersion = 10.0.40219.1
Project("{FAE04EC0-301F-11D3-BF4B-00C04F79EFBC}") = "SC-M2", "SC-M2\SC-M2.csproj", "{9BB4088F-28E1-4C3B-9C2E-36A43F28E0F1}"
EndProject
Project("{8BC9CEB8-8B4A-11D0-8D11-00A0C91BC942}") = "Controller", "Controller\Controller.vcxproj", "{C5F80730-F44F-4478-BDAE-6634EFC2CA88}"
EndProject
Project("{FAE04EC0-301F-11D3-BF4B-00C04F79EFBC}") = "SC-M2-V2_00", "SC-M2-V2.00\SC-M2-V2_00.csproj", "{CEEA3285-5C7E-4C77-9D22-9A918B72A0CC}"
EndProject
Global
	GlobalSection(SolutionConfigurationPlatforms) = preSolution
		Debug|Any CPU = Debug|Any CPU
		Debug|x86 = Debug|x86
		Release|Any CPU = Release|Any CPU
		Release|x86 = Release|x86
	EndGlobalSection
	GlobalSection(ProjectConfigurationPlatforms) = postSolution
		{9BB4088F-28E1-4C3B-9C2E-36A43F28E0F1}.Debug|Any CPU.ActiveCfg = Debug|Any CPU
		{9BB4088F-28E1-4C3B-9C2E-36A43F28E0F1}.Debug|Any CPU.Build.0 = Debug|Any CPU
		{9BB4088F-28E1-4C3B-9C2E-36A43F28E0F1}.Debug|x86.ActiveCfg = Debug|Any CPU
		{9BB4088F-28E1-4C3B-9C2E-36A43F28E0F1}.Debug|x86.Build.0 = Debug|Any CPU
		{9BB4088F-28E1-4C3B-9C2E-36A43F28E0F1}.Release|Any CPU.ActiveCfg = Release|Any CPU
		{9BB4088F-28E1-4C3B-9C2E-36A43F28E0F1}.Release|Any CPU.Build.0 = Release|Any CPU
		{9BB4088F-28E1-4C3B-9C2E-36A43F28E0F1}.Release|x86.ActiveCfg = Release|Any CPU
		{9BB4088F-28E1-4C3B-9C2E-36A43F28E0F1}.Release|x86.Build.0 = Release|Any CPU
		{C5F80730-F44F-4478-BDAE-6634EFC2CA88}.Debug|Any CPU.ActiveCfg = Debug|Win32
		{C5F80730-F44F-4478-BDAE-6634EFC2CA88}.Debug|Any CPU.Build.0 = Debug|Win32
		{C5F80730-F44F-4478-BDAE-6634EFC2CA88}.Debug|x86.ActiveCfg = Debug|Win32
		{C5F80730-F44F-4478-BDAE-6634EFC2CA88}.Debug|x86.Build.0 = Debug|Win32
		{C5F80730-F44F-4478-BDAE-6634EFC2CA88}.Release|Any CPU.ActiveCfg = Release|Win32
		{C5F80730-F44F-4478-BDAE-6634EFC2CA88}.Release|Any CPU.Build.0 = Release|Win32
		{C5F80730-F44F-4478-BDAE-6634EFC2CA88}.Release|x86.ActiveCfg = Release|Win32
		{C5F80730-F44F-4478-BDAE-6634EFC2CA88}.Release|x86.Build.0 = Release|Win32
		{CEEA3285-5C7E-4C77-9D22-9A918B72A0CC}.Debug|Any CPU.ActiveCfg = Debug|Any CPU
		{CEEA3285-5C7E-4C77-9D22-9A918B72A0CC}.Debug|Any CPU.Build.0 = Debug|Any CPU
		{CEEA3285-5C7E-4C77-9D22-9A918B72A0CC}.Debug|x86.ActiveCfg = Debug|Any CPU
		{CEEA3285-5C7E-4C77-9D22-9A918B72A0CC}.Debug|x86.Build.0 = Debug|Any CPU
		{CEEA3285-5C7E-4C77-9D22-9A918B72A0CC}.Release|Any CPU.ActiveCfg = Release|Any CPU
		{CEEA3285-5C7E-4C77-9D22-9A918B72A0CC}.Release|Any CPU.Build.0 = Release|Any CPU
		{CEEA3285-5C7E-4C77-9D22-9A918B72A0CC}.Release|x86.ActiveCfg = Release|Any CPU
		{CEEA3285-5C7E-4C77-9D22-9A918B72A0CC}.Release|x86.Build.0 = Release|Any CPU
	EndGlobalSection
	GlobalSection(SolutionProperties) = preSolution
		HideSolutionNode = FALSE
	EndGlobalSection
	GlobalSection(ExtensibilityGlobals) = postSolution
		SolutionGuid = {147D84FD-4031-43EF-BE76-7F9D3B2C5011}
	EndGlobalSection
EndGlobal
